schema: '2.0'
stages:
  preprocess:
    cmd: python src/data_preprocessing.py
    deps:
    - path: data/new_data.csv
      hash: md5
      md5: 9a4d0e4c4ec53194af4aa03a154bc147
      size: 37764023
    - path: data/raw_dataset/bridge_digital_twin_dataset.csv
      hash: md5
      md5: 9a4d0e4c4ec53194af4aa03a154bc147
      size: 37764023
    - path: src/data_preprocessing.py
      hash: md5
      md5: 7e18ee8e5e5673d0a5a3488ee21bc556
      size: 10360
    outs:
    - path: artifacts/data/X_new.npy
      hash: md5
      md5: 4a1fae4eef2a1dc3994a8dd845fcd158
      size: 13478528
    - path: artifacts/metadata/data_version.txt
      hash: md5
      md5: 1823282ffbfada99c2b00f9e23f59b9e
      size: 22
    - path: artifacts/preprocessing/feature_columns.json
      hash: md5
      md5: 67c7b4b89cfd04d98208df30362f4367
      size: 1151
    - path: artifacts/preprocessing/scaler.pkl
      hash: md5
      md5: 917c1f485282a2e78706ca15df535776
      size: 2479
    - path: data/cleaned/bridge_cleaned.csv
      hash: md5
      md5: 5f906bc11a1e7384c8f06141b7ac495f
      size: 29564590
    - path: data/processed/bridge_processed.csv
      hash: md5
      md5: 55de5cd9dbf5f03995c7bb8061359371
      size: 32276876
  train:
    cmd: python src/model.py
    deps:
    - path: data/processed/bridge_processed.csv
      hash: md5
      md5: 55de5cd9dbf5f03995c7bb8061359371
      size: 32276876
    - path: src/model.py
      hash: md5
      md5: 879953461ba4d47ed57d701956f2f923
      size: 8616
    outs:
    - path: artifacts/data/X_test.npy
      hash: md5
      md5: 55cdd8de33e3c28f7ca1ea84bf22ed36
      size: 2695808
    - path: artifacts/data/X_train.npy
      hash: md5
      md5: c5bed1ca7898e0ea9c26d5191421da4b
      size: 10782848
    - path: artifacts/data/y_test.npy
      hash: md5
      md5: 2a33a90e126e50df27a829a43af58e0e
      size: 69248
    - path: artifacts/data/y_train.npy
      hash: md5
      md5: 38d4d16bc498ad601d820b0ad721e7a6
      size: 276608
    - path: artifacts/metadata/model_version.txt
      hash: md5
      md5: 8e189540b4ce68a41a6629b20b06d4ec
      size: 37
    - path: artifacts/metrics/training_history.json
      hash: md5
      md5: ea6e6b1858cbb2ef22ed8a91825f59c4
      size: 589
    - path: artifacts/models/bridge_model.pkl
      hash: md5
      md5: bfa50cf27aa6bcc863473f1bfd1d905d
      size: 38588993
  evaluate:
    cmd: python src/evaluate.py
    deps:
    - path: artifacts/data/X_test.npy
      hash: md5
      md5: 55cdd8de33e3c28f7ca1ea84bf22ed36
      size: 2695808
    - path: artifacts/data/y_test.npy
      hash: md5
      md5: 2a33a90e126e50df27a829a43af58e0e
      size: 69248
    - path: artifacts/models/bridge_model.pkl
      hash: md5
      md5: bfa50cf27aa6bcc863473f1bfd1d905d
      size: 38588993
    - path: src/evaluate.py
      hash: md5
      md5: 40975e07c63b657b4fc3000e853d361b
      size: 2311
    outs:
    - path: artifacts/metrics/evaluation_metrics.json
      hash: md5
      md5: 3d590e2a8ceb828659969c849c869823
      size: 86
  monitor:
    cmd: python src/monitor.py
    deps:
    - path: artifacts/metrics/evaluation_metrics.json
      hash: md5
      md5: 3d590e2a8ceb828659969c849c869823
      size: 86
    - path: data/processed/bridge_processed.csv
      hash: md5
      md5: 55de5cd9dbf5f03995c7bb8061359371
      size: 32276876
    - path: src/monitor.py
      hash: md5
      md5: ce29616473d7802ef83dc13399ee2632
      size: 5694
    outs:
    - path: artifacts/metrics/monitoring_metrics.json
      hash: md5
      md5: 8fbd3483c0a0d058f49c44e42f76ee61
      size: 7270
    - path: monitoring/alerts/monitoring_alerts.txt
      hash: md5
      md5: 6eced3932324341cdd1acafdfad2a376
      size: 819
    - path: monitoring/logs/drift_detection.log
      hash: md5
      md5: ca5f54eb2140d4eb870d5e19d92b1192
      size: 3531
    - path: monitoring/logs/monitoring.log
      hash: md5
      md5: 8039b57bc3c624666deff2af84b43993
      size: 5163
    - path: monitoring/reports/drift_report.json
      hash: md5
      md5: 8fbd3483c0a0d058f49c44e42f76ee61
      size: 7270
